
Microsoft Visual Studio Solution File, Format Version 12.00
# Visual Studio Version 17
VisualStudioVersion = 17.5.33424.131
MinimumVisualStudioVersion = 10.0.40219.1
Project("{FAE04EC0-301F-11D3-BF4B-00C04F79EFBC}") = "EducationalPlatform", "EducationalPlatform\EducationalPlatform.csproj", "{C75C4957-EB78-423C-BDC9-0E2D5D2E60EC}"
EndProject
Global
	GlobalSection(SolutionConfigurationPlatforms) = preSolution
		Debug|Any CPU = Debug|Any CPU
		Release|Any CPU = Release|Any CPU
	EndGlobalSection
	GlobalSection(ProjectConfigurationPlatforms) = postSolution
		{C75C4957-EB78-423C-BDC9-0E2D5D2E60EC}.Debug|Any CPU.ActiveCfg = Debug|Any CPU
		{C75C4957-EB78-423C-BDC9-0E2D5D2E60EC}.Debug|Any CPU.Build.0 = Debug|Any CPU
		{C75C4957-EB78-423C-BDC9-0E2D5D2E60EC}.Release|Any CPU.ActiveCfg = Release|Any CPU
		{C75C4957-EB78-423C-BDC9-0E2D5D2E60EC}.Release|Any CPU.Build.0 = Release|Any CPU
	EndGlobalSection
	GlobalSection(SolutionProperties) = preSolution
		HideSolutionNode = FALSE
	EndGlobalSection
	GlobalSection(ExtensibilityGlobals) = postSolution
		SolutionGuid = {B278D567-1669-40F1-8288-1D5A23C040C7}
	EndGlobalSection
EndGlobal
